// !$*UTF8*$!
{
	archiveVersion = 1;
	classes = {
	};
	objectVersion = 55;
	objects = {

/* Begin PBXBuildFile section */
		0232AE1C27D4E075001878C9 /* AppDelegate.swift in Sources */ = {isa = PBXBuildFile; fileRef = 0232AE1B27D4E075001878C9 /* AppDelegate.swift */; };
		0232AE1E27D4E076001878C9 /* SceneDelegate.swift in Sources */ = {isa = PBXBuildFile; fileRef = 0232AE1D27D4E075001878C9 /* SceneDelegate.swift */; };
		0232AE2027D4E076001878C9 /* LunchViewController.swift in Sources */ = {isa = PBXBuildFile; fileRef = 0232AE1F27D4E076001878C9 /* LunchViewController.swift */; };
		0232AE2327D4E076001878C9 /* Main.storyboard in Resources */ = {isa = PBXBuildFile; fileRef = 0232AE2127D4E076001878C9 /* Main.storyboard */; };
		0232AE2527D4E077001878C9 /* Assets.xcassets in Resources */ = {isa = PBXBuildFile; fileRef = 0232AE2427D4E077001878C9 /* Assets.xcassets */; };
		0232AE2827D4E077001878C9 /* LaunchScreen.storyboard in Resources */ = {isa = PBXBuildFile; fileRef = 0232AE2627D4E077001878C9 /* LaunchScreen.storyboard */; };
		0232AE3127D4EB33001878C9 /* NetworkErrors.swift in Sources */ = {isa = PBXBuildFile; fileRef = 0232AE3027D4EB33001878C9 /* NetworkErrors.swift */; };
		0232AE3327D4EB86001878C9 /* NetworkManager.swift in Sources */ = {isa = PBXBuildFile; fileRef = 0232AE3227D4EB86001878C9 /* NetworkManager.swift */; };
		0232AE3627D4ECAE001878C9 /* RestaurantsResponse.swift in Sources */ = {isa = PBXBuildFile; fileRef = 0232AE3527D4ECAE001878C9 /* RestaurantsResponse.swift */; };
		0232AE3827D4FA92001878C9 /* LunchViewModel.swift in Sources */ = {isa = PBXBuildFile; fileRef = 0232AE3727D4FA92001878C9 /* LunchViewModel.swift */; };
		0232AE3C27D52213001878C9 /* RestaurantCell.swift in Sources */ = {isa = PBXBuildFile; fileRef = 0232AE3B27D52213001878C9 /* RestaurantCell.swift */; };
		0232AE3E27D56507001878C9 /* DetailRestaurantViewController.swift in Sources */ = {isa = PBXBuildFile; fileRef = 0232AE3D27D56507001878C9 /* DetailRestaurantViewController.swift */; };
		0232AE4027D57A25001878C9 /* Restaurant.swift in Sources */ = {isa = PBXBuildFile; fileRef = 0232AE3F27D57A25001878C9 /* Restaurant.swift */; };
		0232AE4227D57A9B001878C9 /* Contact.swift in Sources */ = {isa = PBXBuildFile; fileRef = 0232AE4127D57A9B001878C9 /* Contact.swift */; };
		0232AE4427D57AEC001878C9 /* Location.swift in Sources */ = {isa = PBXBuildFile; fileRef = 0232AE4327D57AEC001878C9 /* Location.swift */; };
		0232AE4627D622C2001878C9 /* InternetViewController.swift in Sources */ = {isa = PBXBuildFile; fileRef = 0232AE4527D622C2001878C9 /* InternetViewController.swift */; };
/* End PBXBuildFile section */

/* Begin PBXFileReference section */
		0232AE1827D4E075001878C9 /* BottleRocket.app */ = {isa = PBXFileReference; explicitFileType = wrapper.application; includeInIndex = 0; path = BottleRocket.app; sourceTree = BUILT_PRODUCTS_DIR; };
		0232AE1B27D4E075001878C9 /* AppDelegate.swift */ = {isa = PBXFileReference; lastKnownFileType = sourcecode.swift; path = AppDelegate.swift; sourceTree = "<group>"; };
		0232AE1D27D4E075001878C9 /* SceneDelegate.swift */ = {isa = PBXFileReference; lastKnownFileType = sourcecode.swift; path = SceneDelegate.swift; sourceTree = "<group>"; };
		0232AE1F27D4E076001878C9 /* LunchViewController.swift */ = {isa = PBXFileReference; lastKnownFileType = sourcecode.swift; path = LunchViewController.swift; sourceTree = "<group>"; };
		0232AE2227D4E076001878C9 /* Base */ = {isa = PBXFileReference; lastKnownFileType = file.storyboard; name = Base; path = Base.lproj/Main.storyboard; sourceTree = "<group>"; };
		0232AE2427D4E077001878C9 /* Assets.xcassets */ = {isa = PBXFileReference; lastKnownFileType = folder.assetcatalog; path = Assets.xcassets; sourceTree = "<group>"; };
		0232AE2727D4E077001878C9 /* Base */ = {isa = PBXFileReference; lastKnownFileType = file.storyboard; name = Base; path = Base.lproj/LaunchScreen.storyboard; sourceTree = "<group>"; };
		0232AE2927D4E077001878C9 /* Info.plist */ = {isa = PBXFileReference; lastKnownFileType = text.plist.xml; path = Info.plist; sourceTree = "<group>"; };
		0232AE3027D4EB33001878C9 /* NetworkErrors.swift */ = {isa = PBXFileReference; lastKnownFileType = sourcecode.swift; path = NetworkErrors.swift; sourceTree = "<group>"; };
		0232AE3227D4EB86001878C9 /* NetworkManager.swift */ = {isa = PBXFileReference; lastKnownFileType = sourcecode.swift; path = NetworkManager.swift; sourceTree = "<group>"; };
		0232AE3527D4ECAE001878C9 /* RestaurantsResponse.swift */ = {isa = PBXFileReference; lastKnownFileType = sourcecode.swift; path = RestaurantsResponse.swift; sourceTree = "<group>"; };
		0232AE3727D4FA92001878C9 /* LunchViewModel.swift */ = {isa = PBXFileReference; lastKnownFileType = sourcecode.swift; path = LunchViewModel.swift; sourceTree = "<group>"; };
		0232AE3B27D52213001878C9 /* RestaurantCell.swift */ = {isa = PBXFileReference; lastKnownFileType = sourcecode.swift; path = RestaurantCell.swift; sourceTree = "<group>"; };
		0232AE3D27D56507001878C9 /* DetailRestaurantViewController.swift */ = {isa = PBXFileReference; lastKnownFileType = sourcecode.swift; path = DetailRestaurantViewController.swift; sourceTree = "<group>"; };
		0232AE3F27D57A25001878C9 /* Restaurant.swift */ = {isa = PBXFileReference; lastKnownFileType = sourcecode.swift; path = Restaurant.swift; sourceTree = "<group>"; };
		0232AE4127D57A9B001878C9 /* Contact.swift */ = {isa = PBXFileReference; lastKnownFileType = sourcecode.swift; path = Contact.swift; sourceTree = "<group>"; };
		0232AE4327D57AEC001878C9 /* Location.swift */ = {isa = PBXFileReference; lastKnownFileType = sourcecode.swift; path = Location.swift; sourceTree = "<group>"; };
		0232AE4527D622C2001878C9 /* InternetViewController.swift */ = {isa = PBXFileReference; lastKnownFileType = sourcecode.swift; path = InternetViewController.swift; sourceTree = "<group>"; };
/* End PBXFileReference section */

/* Begin PBXFrameworksBuildPhase section */
		0232AE1527D4E075001878C9 /* Frameworks */ = {
			isa = PBXFrameworksBuildPhase;
			buildActionMask = 2147483647;
			files = (
			);
			runOnlyForDeploymentPostprocessing = 0;
		};
/* End PBXFrameworksBuildPhase section */

/* Begin PBXGroup section */
		0232AE0F27D4E075001878C9 = {
			isa = PBXGroup;
			children = (
				0232AE1A27D4E075001878C9 /* BottleRocket */,
				0232AE1927D4E075001878C9 /* Products */,
			);
			sourceTree = "<group>";
		};
		0232AE1927D4E075001878C9 /* Products */ = {
			isa = PBXGroup;
			children = (
				0232AE1827D4E075001878C9 /* BottleRocket.app */,
			);
			name = Products;
			sourceTree = "<group>";
		};
		0232AE1A27D4E075001878C9 /* BottleRocket */ = {
			isa = PBXGroup;
			children = (
				0232AE3A27D51A74001878C9 /* Views */,
				0232AE3927D51A12001878C9 /* ViewModels */,
				0232AE3427D4EC61001878C9 /* Models */,
				0232AE2F27D4EAB4001878C9 /* Networking */,
				0232AE1B27D4E075001878C9 /* AppDelegate.swift */,
				0232AE1D27D4E075001878C9 /* SceneDelegate.swift */,
				0232AE2127D4E076001878C9 /* Main.storyboard */,
				0232AE2427D4E077001878C9 /* Assets.xcassets */,
				0232AE2627D4E077001878C9 /* LaunchScreen.storyboard */,
				0232AE2927D4E077001878C9 /* Info.plist */,
			);
			path = BottleRocket;
			sourceTree = "<group>";
		};
		0232AE2F27D4EAB4001878C9 /* Networking */ = {
			isa = PBXGroup;
			children = (
				0232AE3027D4EB33001878C9 /* NetworkErrors.swift */,
				0232AE3227D4EB86001878C9 /* NetworkManager.swift */,
			);
			path = Networking;
			sourceTree = "<group>";
		};
		0232AE3427D4EC61001878C9 /* Models */ = {
			isa = PBXGroup;
			children = (
				0232AE3527D4ECAE001878C9 /* RestaurantsResponse.swift */,
				0232AE3F27D57A25001878C9 /* Restaurant.swift */,
				0232AE4127D57A9B001878C9 /* Contact.swift */,
				0232AE4327D57AEC001878C9 /* Location.swift */,
			);
			path = Models;
			sourceTree = "<group>";
		};
		0232AE3927D51A12001878C9 /* ViewModels */ = {
			isa = PBXGroup;
			children = (
				0232AE3727D4FA92001878C9 /* LunchViewModel.swift */,
			);
			path = ViewModels;
			sourceTree = "<group>";
		};
		0232AE3A27D51A74001878C9 /* Views */ = {
			isa = PBXGroup;
			children = (
				0232AE4527D622C2001878C9 /* InternetViewController.swift */,
				0232AE3D27D56507001878C9 /* DetailRestaurantViewController.swift */,
				0232AE1F27D4E076001878C9 /* LunchViewController.swift */,
				0232AE3B27D52213001878C9 /* RestaurantCell.swift */,
			);
			path = Views;
			sourceTree = "<group>";
		};
/* End PBXGroup section */

/* Begin PBXNativeTarget section */
		0232AE1727D4E075001878C9 /* BottleRocket */ = {
			isa = PBXNativeTarget;
			buildConfigurationList = 0232AE2C27D4E077001878C9 /* Build configuration list for PBXNativeTarget "BottleRocket" */;
			buildPhases = (
				0232AE1427D4E075001878C9 /* Sources */,
				0232AE1527D4E075001878C9 /* Frameworks */,
				0232AE1627D4E075001878C9 /* Resources */,
			);
			buildRules = (
			);
			dependencies = (
			);
			name = BottleRocket;
			productName = BottleRocket;
			productReference = 0232AE1827D4E075001878C9 /* BottleRocket.app */;
			productType = "com.apple.product-type.application";
		};
/* End PBXNativeTarget section */

/* Begin PBXProject section */
		0232AE1027D4E075001878C9 /* Project object */ = {
			isa = PBXProject;
			attributes = {
				BuildIndependentTargetsInParallel = 1;
				LastSwiftUpdateCheck = 1320;
				LastUpgradeCheck = 1320;
				TargetAttributes = {
					0232AE1727D4E075001878C9 = {
						CreatedOnToolsVersion = 13.2.1;
					};
				};
			};
			buildConfigurationList = 0232AE1327D4E075001878C9 /* Build configuration list for PBXProject "BottleRocket" */;
			compatibilityVersion = "Xcode 13.0";
			developmentRegion = en;
			hasScannedForEncodings = 0;
			knownRegions = (
				en,
				Base,
			);
			mainGroup = 0232AE0F27D4E075001878C9;
			productRefGroup = 0232AE1927D4E075001878C9 /* Products */;
			projectDirPath = "";
			projectRoot = "";
			targets = (
				0232AE1727D4E075001878C9 /* BottleRocket */,
			);
		};
/* End PBXProject section */

/* Begin PBXResourcesBuildPhase section */
		0232AE1627D4E075001878C9 /* Resources */ = {
			isa = PBXResourcesBuildPhase;
			buildActionMask = 2147483647;
			files = (
				0232AE2827D4E077001878C9 /* LaunchScreen.storyboard in Resources */,
				0232AE2527D4E077001878C9 /* Assets.xcassets in Resources */,
				0232AE2327D4E076001878C9 /* Main.storyboard in Resources */,
			);
			runOnlyForDeploymentPostprocessing = 0;
		};
/* End PBXResourcesBuildPhase section */

/* Begin PBXSourcesBuildPhase section */
		0232AE1427D4E075001878C9 /* Sources */ = {
			isa = PBXSourcesBuildPhase;
			buildActionMask = 2147483647;
			files = (
				0232AE4027D57A25001878C9 /* Restaurant.swift in Sources */,
				0232AE4627D622C2001878C9 /* InternetViewController.swift in Sources */,
				0232AE3C27D52213001878C9 /* RestaurantCell.swift in Sources */,
				0232AE2027D4E076001878C9 /* LunchViewController.swift in Sources */,
				0232AE3127D4EB33001878C9 /* NetworkErrors.swift in Sources */,
				0232AE3827D4FA92001878C9 /* LunchViewModel.swift in Sources */,
				0232AE3327D4EB86001878C9 /* NetworkManager.swift in Sources */,
				0232AE4227D57A9B001878C9 /* Contact.swift in Sources */,
				0232AE1C27D4E075001878C9 /* AppDelegate.swift in Sources */,
				0232AE3E27D56507001878C9 /* DetailRestaurantViewController.swift in Sources */,
				0232AE3627D4ECAE001878C9 /* RestaurantsResponse.swift in Sources */,
				0232AE4427D57AEC001878C9 /* Location.swift in Sources */,
				0232AE1E27D4E076001878C9 /* SceneDelegate.swift in Sources */,
			);
			runOnlyForDeploymentPostprocessing = 0;
		};
/* End PBXSourcesBuildPhase section */

/* Begin PBXVariantGroup section */
		0232AE2127D4E076001878C9 /* Main.storyboard */ = {
			isa = PBXVariantGroup;
			children = (
				0232AE2227D4E076001878C9 /* Base */,
			);
			name = Main.storyboard;
			sourceTree = "<group>";
		};
		0232AE2627D4E077001878C9 /* LaunchScreen.storyboard */ = {
			isa = PBXVariantGroup;
			children = (
				0232AE2727D4E077001878C9 /* Base */,
			);
			name = LaunchScreen.storyboard;
			sourceTree = "<group>";
		};
/* End PBXVariantGroup section */

/* Begin XCBuildConfiguration section */
		0232AE2A27D4E077001878C9 /* Debug */ = {
			isa = XCBuildConfiguration;
			buildSettings = {
				ALWAYS_SEARCH_USER_PATHS = NO;
				CLANG_ANALYZER_NONNULL = YES;
				CLANG_ANALYZER_NUMBER_OBJECT_CONVERSION = YES_AGGRESSIVE;
				CLANG_CXX_LANGUAGE_STANDARD = "gnu++17";
				CLANG_CXX_LIBRARY = "libc++";
				CLANG_ENABLE_MODULES = YES;
				CLANG_ENABLE_OBJC_ARC = YES;
				CLANG_ENABLE_OBJC_WEAK = YES;
				CLANG_WARN_BLOCK_CAPTURE_AUTORELEASING = YES;
				CLANG_WARN_BOOL_CONVERSION = YES;
				CLANG_WARN_COMMA = YES;
				CLANG_WARN_CONSTANT_CONVERSION = YES;
				CLANG_WARN_DEPRECATED_OBJC_IMPLEMENTATIONS = YES;
				CLANG_WARN_DIRECT_OBJC_ISA_USAGE = YES_ERROR;
				CLANG_WARN_DOCUMENTATION_COMMENTS = YES;
				CLANG_WARN_EMPTY_BODY = YES;
				CLANG_WARN_ENUM_CONVERSION = YES;
				CLANG_WARN_INFINITE_RECURSION = YES;
				CLANG_WARN_INT_CONVERSION = YES;
				CLANG_WARN_NON_LITERAL_NULL_CONVERSION = YES;
				CLANG_WARN_OBJC_IMPLICIT_RETAIN_SELF = YES;
				CLANG_WARN_OBJC_LITERAL_CONVERSION = YES;
				CLANG_WARN_OBJC_ROOT_CLASS = YES_ERROR;
				CLANG_WARN_QUOTED_INCLUDE_IN_FRAMEWORK_HEADER = YES;
				CLANG_WARN_RANGE_LOOP_ANALYSIS = YES;
				CLANG_WARN_STRICT_PROTOTYPES = YES;
				CLANG_WARN_SUSPICIOUS_MOVE = YES;
				CLANG_WARN_UNGUARDED_AVAILABILITY = YES_AGGRESSIVE;
				CLANG_WARN_UNREACHABLE_CODE = YES;
				CLANG_WARN__DUPLICATE_METHOD_MATCH = YES;
				COPY_PHASE_STRIP = NO;
				DEBUG_INFORMATION_FORMAT = dwarf;
				ENABLE_STRICT_OBJC_MSGSEND = YES;
				ENABLE_TESTABILITY = YES;
				GCC_C_LANGUAGE_STANDARD = gnu11;
				GCC_DYNAMIC_NO_PIC = NO;
				GCC_NO_COMMON_BLOCKS = YES;
				GCC_OPTIMIZATION_LEVEL = 0;
				GCC_PREPROCESSOR_DEFINITIONS = (
					"DEBUG=1",
					"$(inherited)",
				);
				GCC_WARN_64_TO_32_BIT_CONVERSION = YES;
				GCC_WARN_ABOUT_RETURN_TYPE = YES_ERROR;
				GCC_WARN_UNDECLARED_SELECTOR = YES;
				GCC_WARN_UNINITIALIZED_AUTOS = YES_AGGRESSIVE;
				GCC_WARN_UNUSED_FUNCTION = YES;
				GCC_WARN_UNUSED_VARIABLE = YES;
				IPHONEOS_DEPLOYMENT_TARGET = 15.2;
				MTL_ENABLE_DEBUG_INFO = INCLUDE_SOURCE;
				MTL_FAST_MATH = YES;
				ONLY_ACTIVE_ARCH = YES;
				SDKROOT = iphoneos;
				SWIFT_ACTIVE_COMPILATION_CONDITIONS = DEBUG;
				SWIFT_OPTIMIZATION_LEVEL = "-Onone";
			};
			name = Debug;
		};
		0232AE2B27D4E077001878C9 /* Release */ = {
			isa = XCBuildConfiguration;
			buildSettings = {
				ALWAYS_SEARCH_USER_PATHS = NO;
				CLANG_ANALYZER_NONNULL = YES;
				CLANG_ANALYZER_NUMBER_OBJECT_CONVERSION = YES_AGGRESSIVE;
				CLANG_CXX_LANGUAGE_STANDARD = "gnu++17";
				CLANG_CXX_LIBRARY = "libc++";
				CLANG_ENABLE_MODULES = YES;
				CLANG_ENABLE_OBJC_ARC = YES;
				CLANG_ENABLE_OBJC_WEAK = YES;
				CLANG_WARN_BLOCK_CAPTURE_AUTORELEASING = YES;
				CLANG_WARN_BOOL_CONVERSION = YES;
				CLANG_WARN_COMMA = YES;
				CLANG_WARN_CONSTANT_CONVERSION = YES;
				CLANG_WARN_DEPRECATED_OBJC_IMPLEMENTATIONS = YES;
				CLANG_WARN_DIRECT_OBJC_ISA_USAGE = YES_ERROR;
				CLANG_WARN_DOCUMENTATION_COMMENTS = YES;
				CLANG_WARN_EMPTY_BODY = YES;
				CLANG_WARN_ENUM_CONVERSION = YES;
				CLANG_WARN_INFINITE_RECURSION = YES;
				CLANG_WARN_INT_CONVERSION = YES;
				CLANG_WARN_NON_LITERAL_NULL_CONVERSION = YES;
				CLANG_WARN_OBJC_IMPLICIT_RETAIN_SELF = YES;
				CLANG_WARN_OBJC_LITERAL_CONVERSION = YES;
				CLANG_WARN_OBJC_ROOT_CLASS = YES_ERROR;
				CLANG_WARN_QUOTED_INCLUDE_IN_FRAMEWORK_HEADER = YES;
				CLANG_WARN_RANGE_LOOP_ANALYSIS = YES;
				CLANG_WARN_STRICT_PROTOTYPES = YES;
				CLANG_WARN_SUSPICIOUS_MOVE = YES;
				CLANG_WARN_UNGUARDED_AVAILABILITY = YES_AGGRESSIVE;
				CLANG_WARN_UNREACHABLE_CODE = YES;
				CLANG_WARN__DUPLICATE_METHOD_MATCH = YES;
				COPY_PHASE_STRIP = NO;
				DEBUG_INFORMATION_FORMAT = "dwarf-with-dsym";
				ENABLE_NS_ASSERTIONS = NO;
				ENABLE_STRICT_OBJC_MSGSEND = YES;
				GCC_C_LANGUAGE_STANDARD = gnu11;
				GCC_NO_COMMON_BLOCKS = YES;
				GCC_WARN_64_TO_32_BIT_CONVERSION = YES;
				GCC_WARN_ABOUT_RETURN_TYPE = YES_ERROR;
				GCC_WARN_UNDECLARED_SELECTOR = YES;
				GCC_WARN_UNINITIALIZED_AUTOS = YES_AGGRESSIVE;
				GCC_WARN_UNUSED_FUNCTION = YES;
				GCC_WARN_UNUSED_VARIABLE = YES;
				IPHONEOS_DEPLOYMENT_TARGET = 15.2;
				MTL_ENABLE_DEBUG_INFO = NO;
				MTL_FAST_MATH = YES;
				SDKROOT = iphoneos;
				SWIFT_COMPILATION_MODE = wholemodule;
				SWIFT_OPTIMIZATION_LEVEL = "-O";
				VALIDATE_PRODUCT = YES;
			};
			name = Release;
		};
		0232AE2D27D4E077001878C9 /* Debug */ = {
			isa = XCBuildConfiguration;
			buildSettings = {
				ASSETCATALOG_COMPILER_APPICON_NAME = AppIcon;
				ASSETCATALOG_COMPILER_GLOBAL_ACCENT_COLOR_NAME = AccentColor;
				CODE_SIGN_STYLE = Automatic;
				CURRENT_PROJECT_VERSION = 1;
				GENERATE_INFOPLIST_FILE = YES;
				INFOPLIST_FILE = BottleRocket/Info.plist;
				INFOPLIST_KEY_UIApplicationSupportsIndirectInputEvents = YES;
				INFOPLIST_KEY_UILaunchStoryboardName = LaunchScreen;
				INFOPLIST_KEY_UIMainStoryboardFile = Main;
				INFOPLIST_KEY_UISupportedInterfaceOrientations_iPad = "UIInterfaceOrientationPortrait UIInterfaceOrientationPortraitUpsideDown UIInterfaceOrientationLandscapeLeft UIInterfaceOrientationLandscapeRight";
				INFOPLIST_KEY_UISupportedInterfaceOrientations_iPhone = "UIInterfaceOrientationPortrait UIInterfaceOrientationLandscapeLeft UIInterfaceOrientationLandscapeRight";
				LD_RUNPATH_SEARCH_PATHS = (
					"$(inherited)",
					"@executable_path/Frameworks",
				);
				MARKETING_VERSION = 1.0;
				PRODUCT_BUNDLE_IDENTIFIER = "MCS-IOS.BottleRocket";
				PRODUCT_NAME = "$(TARGET_NAME)";
				SWIFT_EMIT_LOC_STRINGS = YES;
				SWIFT_VERSION = 5.0;
				TARGETED_DEVICE_FAMILY = "1,2";
			};
			name = Debug;
		};
		0232AE2E27D4E077001878C9 /* Release */ = {
			isa = XCBuildConfiguration;
			buildSettings = {
				ASSETCATALOG_COMPILER_APPICON_NAME = AppIcon;
				ASSETCATALOG_COMPILER_GLOBAL_ACCENT_COLOR_NAME = AccentColor;
				CODE_SIGN_STYLE = Automatic;
				CURRENT_PROJECT_VERSION = 1;
				GENERATE_INFOPLIST_FILE = YES;
				INFOPLIST_FILE = BottleRocket/Info.plist;
				INFOPLIST_KEY_UIApplicationSupportsIndirectInputEvents = YES;
				INFOPLIST_KEY_UILaunchStoryboardName = LaunchScreen;
				INFOPLIST_KEY_UIMainStoryboardFile = Main;
				INFOPLIST_KEY_UISupportedInterfaceOrientations_iPad = "UIInterfaceOrientationPortrait UIInterfaceOrientationPortraitUpsideDown UIInterfaceOrientationLandscapeLeft UIInterfaceOrientationLandscapeRight";
				INFOPLIST_KEY_UISupportedInterfaceOrientations_iPhone = "UIInterfaceOrientationPortrait UIInterfaceOrientationLandscapeLeft UIInterfaceOrientationLandscapeRight";
				LD_RUNPATH_SEARCH_PATHS = (
					"$(inherited)",
					"@executable_path/Frameworks",
				);
				MARKETING_VERSION = 1.0;
				PRODUCT_BUNDLE_IDENTIFIER = "MCS-IOS.BottleRocket";
				PRODUCT_NAME = "$(TARGET_NAME)";
				SWIFT_EMIT_LOC_STRINGS = YES;
				SWIFT_VERSION = 5.0;
				TARGETED_DEVICE_FAMILY = "1,2";
			};
			name = Release;
		};
/* End XCBuildConfiguration section */

/* Begin XCConfigurationList section */
		0232AE1327D4E075001878C9 /* Build configuration list for PBXProject "BottleRocket" */ = {
			isa = XCConfigurationList;
			buildConfigurations = (
				0232AE2A27D4E077001878C9 /* Debug */,
				0232AE2B27D4E077001878C9 /* Release */,
			);
			defaultConfigurationIsVisible = 0;
			defaultConfigurationName = Release;
		};
		0232AE2C27D4E077001878C9 /* Build configuration list for PBXNativeTarget "BottleRocket" */ = {
			isa = XCConfigurationList;
			buildConfigurations = (
				0232AE2D27D4E077001878C9 /* Debug */,
				0232AE2E27D4E077001878C9 /* Release */,
			);
			defaultConfigurationIsVisible = 0;
			defaultConfigurationName = Release;
		};
/* End XCConfigurationList section */
	};
	rootObject = 0232AE1027D4E075001878C9 /* Project object */;
}
